// !$*UTF8*$!
{
	archiveVersion = 1;
	classes = {
	};
	objectVersion = 46;
	objects = {

/* Begin PBXBuildFile section */
		4ECVCWE8U2LZSSHYZR8VDLGN /* DramaRepository.swift in Sources */ = {isa = PBXBuildFile; fileRef = 78TRJRMYN512Y0VCQ5KWFGBZ /* DramaRepository.swift */; };
		7WKA16J39E8L4AQ8TOBN71U4 /* DramaListBuilder.swift in Sources */ = {isa = PBXBuildFile; fileRef = HZFNNH6WNHTDLUGD1KY01CR7 /* DramaListBuilder.swift */; };
		9303AA031F29905600D05DF2 /* DramaTableViewCell.swift in Sources */ = {isa = PBXBuildFile; fileRef = 9303AA021F29905600D05DF2 /* DramaTableViewCell.swift */; };
		93C331DE1F28DD64007FD5C2 /* AppDelegate.swift in Sources */ = {isa = PBXBuildFile; fileRef = 93C331DD1F28DD64007FD5C2 /* AppDelegate.swift */; };
		93C331E51F28DD64007FD5C2 /* Assets.xcassets in Resources */ = {isa = PBXBuildFile; fileRef = 93C331E41F28DD64007FD5C2 /* Assets.xcassets */; };
		93C331E81F28DD64007FD5C2 /* LaunchScreen.storyboard in Resources */ = {isa = PBXBuildFile; fileRef = 93C331E61F28DD64007FD5C2 /* LaunchScreen.storyboard */; };
		93C331F31F28DD64007FD5C2 /* iOSTestFrameworkComparisonTests.swift in Sources */ = {isa = PBXBuildFile; fileRef = 93C331F21F28DD64007FD5C2 /* iOSTestFrameworkComparisonTests.swift */; };
		93C331FE1F28DD64007FD5C2 /* iOSTestFrameworkComparisonUITests.swift in Sources */ = {isa = PBXBuildFile; fileRef = 93C331FD1F28DD64007FD5C2 /* iOSTestFrameworkComparisonUITests.swift */; };
		93F79E9C1F29B5A500028EBA /* DramaListState.swift in Sources */ = {isa = PBXBuildFile; fileRef = 93F79E9B1F29B5A500028EBA /* DramaListState.swift */; };
		93F79EA41F29CA2A00028EBA /* DramaListPresenterTests.swift in Sources */ = {isa = PBXBuildFile; fileRef = 93F79EA31F29CA2A00028EBA /* DramaListPresenterTests.swift */; };
		93F79EA61F29D16000028EBA /* DramaModel.swift in Sources */ = {isa = PBXBuildFile; fileRef = 93F79EA51F29D16000028EBA /* DramaModel.swift */; };
		93F79EA81F29E7E000028EBA /* DramaListUseCaseStub.swift in Sources */ = {isa = PBXBuildFile; fileRef = 93F79EA71F29E7E000028EBA /* DramaListUseCaseStub.swift */; };
		93F79EAC1F29F65100028EBA /* DramaListViewControllerSpy.swift in Sources */ = {isa = PBXBuildFile; fileRef = 93F79EAB1F29F65100028EBA /* DramaListViewControllerSpy.swift */; };
		93F79EAE1F2A252A00028EBA /* DramaListModelTests.swift in Sources */ = {isa = PBXBuildFile; fileRef = 93F79EAD1F2A252A00028EBA /* DramaListModelTests.swift */; };
		93F79EB11F2A255000028EBA /* DramaListTranslatorTests.swift in Sources */ = {isa = PBXBuildFile; fileRef = 93F79EB01F2A255000028EBA /* DramaListTranslatorTests.swift */; };
		AR2BR88JNOZWAUK6TAM0XJIW /* DramaListViewController.swift in Sources */ = {isa = PBXBuildFile; fileRef = VSE6NQK3NJYCOOG4JKFTHT24 /* DramaListViewController.swift */; };
		BMS83IMB9C47YPRYI0CVDCWF /* DramaListModel.swift in Sources */ = {isa = PBXBuildFile; fileRef = 2LW98K8J1MGRKUUPZ3MY3D9A /* DramaListModel.swift */; };
		IMN0Q2IMFL0IKPD0AS4H4H4S /* DramaDataStore.swift in Sources */ = {isa = PBXBuildFile; fileRef = GHIIRAUWQO7SA7QIX1911QS1 /* DramaDataStore.swift */; };
		K981YIE0QG7BK2DL1QUHAUG4 /* DramaListTranslator.swift in Sources */ = {isa = PBXBuildFile; fileRef = K2BISKI0JOCPX8QN4PSKZ0R5 /* DramaListTranslator.swift */; };
		NNZIE62UK2HCHZNOW4BXYI16 /* DramaListPresenter.swift in Sources */ = {isa = PBXBuildFile; fileRef = XWCIQW0P752KQZEF1CCLEHCC /* DramaListPresenter.swift */; };
		XAS3MXJUTB73XYNWBEWCJZMK /* DramaListWireframe.swift in Sources */ = {isa = PBXBuildFile; fileRef = K2ORFY64GH0JT8V8C7GL6Z1Q /* DramaListWireframe.swift */; };
		XOPIORBOHTZMVI8SJRW9BQY9 /* DramaEntity.swift in Sources */ = {isa = PBXBuildFile; fileRef = MBJTN1TTHIIP1FEMGPM8NOU3 /* DramaEntity.swift */; };
		Y56BG1DCD94HGN7KU8QDDV4Z /* DramaListUseCase.swift in Sources */ = {isa = PBXBuildFile; fileRef = TO9UZITYAZ32X752NBS1KGDU /* DramaListUseCase.swift */; };
/* End PBXBuildFile section */

/* Begin PBXContainerItemProxy section */
		93C331EF1F28DD64007FD5C2 /* PBXContainerItemProxy */ = {
			isa = PBXContainerItemProxy;
			containerPortal = 93C331D21F28DD64007FD5C2 /* Project object */;
			proxyType = 1;
			remoteGlobalIDString = 93C331D91F28DD64007FD5C2;
			remoteInfo = iOSTestFrameworkComparison;
		};
		93C331FA1F28DD64007FD5C2 /* PBXContainerItemProxy */ = {
			isa = PBXContainerItemProxy;
			containerPortal = 93C331D21F28DD64007FD5C2 /* Project object */;
			proxyType = 1;
			remoteGlobalIDString = 93C331D91F28DD64007FD5C2;
			remoteInfo = iOSTestFrameworkComparison;
		};
/* End PBXContainerItemProxy section */

/* Begin PBXFileReference section */
		2LW98K8J1MGRKUUPZ3MY3D9A /* DramaListModel.swift */ = {isa = PBXFileReference; fileEncoding = 4; lastKnownFileType = sourcecode.swift; name = DramaListModel.swift; path = ../Model/DramaListModel.swift; sourceTree = "<group>"; };
		78TRJRMYN512Y0VCQ5KWFGBZ /* DramaRepository.swift */ = {isa = PBXFileReference; fileEncoding = 4; lastKnownFileType = sourcecode.swift; name = DramaRepository.swift; path = ../Repository/DramaRepository.swift; sourceTree = "<group>"; };
		9303AA021F29905600D05DF2 /* DramaTableViewCell.swift */ = {isa = PBXFileReference; fileEncoding = 4; lastKnownFileType = sourcecode.swift; path = DramaTableViewCell.swift; sourceTree = "<group>"; };
		93C331DA1F28DD64007FD5C2 /* iOSTestFrameworkComparison.app */ = {isa = PBXFileReference; explicitFileType = wrapper.application; includeInIndex = 0; path = iOSTestFrameworkComparison.app; sourceTree = BUILT_PRODUCTS_DIR; };
		93C331DD1F28DD64007FD5C2 /* AppDelegate.swift */ = {isa = PBXFileReference; lastKnownFileType = sourcecode.swift; path = AppDelegate.swift; sourceTree = "<group>"; };
		93C331E41F28DD64007FD5C2 /* Assets.xcassets */ = {isa = PBXFileReference; lastKnownFileType = folder.assetcatalog; path = Assets.xcassets; sourceTree = "<group>"; };
		93C331E71F28DD64007FD5C2 /* Base */ = {isa = PBXFileReference; lastKnownFileType = file.storyboard; name = Base; path = Base.lproj/LaunchScreen.storyboard; sourceTree = "<group>"; };
		93C331E91F28DD64007FD5C2 /* Info.plist */ = {isa = PBXFileReference; lastKnownFileType = text.plist.xml; path = Info.plist; sourceTree = "<group>"; };
		93C331EE1F28DD64007FD5C2 /* iOSTestFrameworkComparisonTests.xctest */ = {isa = PBXFileReference; explicitFileType = wrapper.cfbundle; includeInIndex = 0; path = iOSTestFrameworkComparisonTests.xctest; sourceTree = BUILT_PRODUCTS_DIR; };
		93C331F21F28DD64007FD5C2 /* iOSTestFrameworkComparisonTests.swift */ = {isa = PBXFileReference; lastKnownFileType = sourcecode.swift; path = iOSTestFrameworkComparisonTests.swift; sourceTree = "<group>"; };
		93C331F41F28DD64007FD5C2 /* Info.plist */ = {isa = PBXFileReference; lastKnownFileType = text.plist.xml; path = Info.plist; sourceTree = "<group>"; };
		93C331F91F28DD64007FD5C2 /* iOSTestFrameworkComparisonUITests.xctest */ = {isa = PBXFileReference; explicitFileType = wrapper.cfbundle; includeInIndex = 0; path = iOSTestFrameworkComparisonUITests.xctest; sourceTree = BUILT_PRODUCTS_DIR; };
		93C331FD1F28DD64007FD5C2 /* iOSTestFrameworkComparisonUITests.swift */ = {isa = PBXFileReference; lastKnownFileType = sourcecode.swift; path = iOSTestFrameworkComparisonUITests.swift; sourceTree = "<group>"; };
		93C331FF1F28DD64007FD5C2 /* Info.plist */ = {isa = PBXFileReference; lastKnownFileType = text.plist.xml; path = Info.plist; sourceTree = "<group>"; };
		93F79E9B1F29B5A500028EBA /* DramaListState.swift */ = {isa = PBXFileReference; fileEncoding = 4; lastKnownFileType = sourcecode.swift; path = DramaListState.swift; sourceTree = "<group>"; };
		93F79EA31F29CA2A00028EBA /* DramaListPresenterTests.swift */ = {isa = PBXFileReference; fileEncoding = 4; lastKnownFileType = sourcecode.swift; path = DramaListPresenterTests.swift; sourceTree = "<group>"; };
		93F79EA51F29D16000028EBA /* DramaModel.swift */ = {isa = PBXFileReference; fileEncoding = 4; lastKnownFileType = sourcecode.swift; path = DramaModel.swift; sourceTree = "<group>"; };
		93F79EA71F29E7E000028EBA /* DramaListUseCaseStub.swift */ = {isa = PBXFileReference; fileEncoding = 4; lastKnownFileType = sourcecode.swift; path = DramaListUseCaseStub.swift; sourceTree = "<group>"; };
		93F79EAB1F29F65100028EBA /* DramaListViewControllerSpy.swift */ = {isa = PBXFileReference; fileEncoding = 4; lastKnownFileType = sourcecode.swift; path = DramaListViewControllerSpy.swift; sourceTree = "<group>"; };
		93F79EAD1F2A252A00028EBA /* DramaListModelTests.swift */ = {isa = PBXFileReference; fileEncoding = 4; lastKnownFileType = sourcecode.swift; path = DramaListModelTests.swift; sourceTree = "<group>"; };
		93F79EB01F2A255000028EBA /* DramaListTranslatorTests.swift */ = {isa = PBXFileReference; fileEncoding = 4; lastKnownFileType = sourcecode.swift; path = DramaListTranslatorTests.swift; sourceTree = "<group>"; };
		GHIIRAUWQO7SA7QIX1911QS1 /* DramaDataStore.swift */ = {isa = PBXFileReference; fileEncoding = 4; lastKnownFileType = sourcecode.swift; path = DramaDataStore.swift; sourceTree = "<group>"; };
		HZFNNH6WNHTDLUGD1KY01CR7 /* DramaListBuilder.swift */ = {isa = PBXFileReference; fileEncoding = 4; lastKnownFileType = sourcecode.swift; name = DramaListBuilder.swift; path = Builder/DramaListBuilder.swift; sourceTree = "<group>"; };
		K2BISKI0JOCPX8QN4PSKZ0R5 /* DramaListTranslator.swift */ = {isa = PBXFileReference; fileEncoding = 4; lastKnownFileType = sourcecode.swift; name = DramaListTranslator.swift; path = ../Translator/DramaListTranslator.swift; sourceTree = "<group>"; };
		K2ORFY64GH0JT8V8C7GL6Z1Q /* DramaListWireframe.swift */ = {isa = PBXFileReference; fileEncoding = 4; lastKnownFileType = sourcecode.swift; name = DramaListWireframe.swift; path = Wireframe/DramaListWireframe.swift; sourceTree = "<group>"; };
		MBJTN1TTHIIP1FEMGPM8NOU3 /* DramaEntity.swift */ = {isa = PBXFileReference; fileEncoding = 4; lastKnownFileType = sourcecode.swift; name = DramaEntity.swift; path = ../Entity/DramaEntity.swift; sourceTree = "<group>"; };
		TO9UZITYAZ32X752NBS1KGDU /* DramaListUseCase.swift */ = {isa = PBXFileReference; fileEncoding = 4; lastKnownFileType = sourcecode.swift; path = DramaListUseCase.swift; sourceTree = "<group>"; };
		VSE6NQK3NJYCOOG4JKFTHT24 /* DramaListViewController.swift */ = {isa = PBXFileReference; fileEncoding = 4; lastKnownFileType = sourcecode.swift; path = DramaListViewController.swift; sourceTree = "<group>"; };
		XWCIQW0P752KQZEF1CCLEHCC /* DramaListPresenter.swift */ = {isa = PBXFileReference; fileEncoding = 4; lastKnownFileType = sourcecode.swift; path = DramaListPresenter.swift; sourceTree = "<group>"; };
/* End PBXFileReference section */

/* Begin PBXFrameworksBuildPhase section */
		93C331D71F28DD64007FD5C2 /* Frameworks */ = {
			isa = PBXFrameworksBuildPhase;
			buildActionMask = 2147483647;
			files = (
			);
			runOnlyForDeploymentPostprocessing = 0;
		};
		93C331EB1F28DD64007FD5C2 /* Frameworks */ = {
			isa = PBXFrameworksBuildPhase;
			buildActionMask = 2147483647;
			files = (
			);
			runOnlyForDeploymentPostprocessing = 0;
		};
		93C331F61F28DD64007FD5C2 /* Frameworks */ = {
			isa = PBXFrameworksBuildPhase;
			buildActionMask = 2147483647;
			files = (
			);
			runOnlyForDeploymentPostprocessing = 0;
		};
/* End PBXFrameworksBuildPhase section */

/* Begin PBXGroup section */
		6EXKI1PGBS8SXA6DBN9Z1G91 /* Domain */ = {
			isa = PBXGroup;
			children = (
				TO9UZITYAZ32X752NBS1KGDU /* DramaListUseCase.swift */,
				K2BISKI0JOCPX8QN4PSKZ0R5 /* DramaListTranslator.swift */,
				2LW98K8J1MGRKUUPZ3MY3D9A /* DramaListModel.swift */,
			);
			name = Domain;
			path = UseCase;
			sourceTree = "<group>";
		};
		93C331D11F28DD64007FD5C2 = {
			isa = PBXGroup;
			children = (
				93C331DC1F28DD64007FD5C2 /* iOSTestFrameworkComparison */,
				93C331F11F28DD64007FD5C2 /* iOSTestFrameworkComparisonTests */,
				93C331FC1F28DD64007FD5C2 /* iOSTestFrameworkComparisonUITests */,
				93C331DB1F28DD64007FD5C2 /* Products */,
			);
			sourceTree = "<group>";
		};
		93C331DB1F28DD64007FD5C2 /* Products */ = {
			isa = PBXGroup;
			children = (
				93C331DA1F28DD64007FD5C2 /* iOSTestFrameworkComparison.app */,
				93C331EE1F28DD64007FD5C2 /* iOSTestFrameworkComparisonTests.xctest */,
				93C331F91F28DD64007FD5C2 /* iOSTestFrameworkComparisonUITests.xctest */,
			);
			name = Products;
			sourceTree = "<group>";
		};
		93C331DC1F28DD64007FD5C2 /* iOSTestFrameworkComparison */ = {
			isa = PBXGroup;
			children = (
				93F79E9D1F29BB6900028EBA /* Utility */,
				93C331DD1F28DD64007FD5C2 /* AppDelegate.swift */,
				93C331E41F28DD64007FD5C2 /* Assets.xcassets */,
				93C331E61F28DD64007FD5C2 /* LaunchScreen.storyboard */,
				93C331E91F28DD64007FD5C2 /* Info.plist */,
				T8TKKZCLX945C4XSDUZ2RXBS /* Data */,
				EIGO9PDUOE0LJMM9MONCZPA1 /* Scenes */,
			);
			path = iOSTestFrameworkComparison;
			sourceTree = "<group>";
		};
		93C331F11F28DD64007FD5C2 /* iOSTestFrameworkComparisonTests */ = {
			isa = PBXGroup;
			children = (
				93F79EA01F29C9B500028EBA /* DramaList */,
				93C331F21F28DD64007FD5C2 /* iOSTestFrameworkComparisonTests.swift */,
				93C331F41F28DD64007FD5C2 /* Info.plist */,
			);
			path = iOSTestFrameworkComparisonTests;
			sourceTree = "<group>";
		};
		93C331FC1F28DD64007FD5C2 /* iOSTestFrameworkComparisonUITests */ = {
			isa = PBXGroup;
			children = (
				93C331FD1F28DD64007FD5C2 /* iOSTestFrameworkComparisonUITests.swift */,
				93C331FF1F28DD64007FD5C2 /* Info.plist */,
			);
			path = iOSTestFrameworkComparisonUITests;
			sourceTree = "<group>";
		};
		93F79E9D1F29BB6900028EBA /* Utility */ = {
			isa = PBXGroup;
			children = (
			);
			name = Utility;
			sourceTree = "<group>";
		};
		93F79EA01F29C9B500028EBA /* DramaList */ = {
			isa = PBXGroup;
			children = (
				93F79EA51F29D16000028EBA /* DramaModel.swift */,
				93F79EA71F29E7E000028EBA /* DramaListUseCaseStub.swift */,
				93F79EAB1F29F65100028EBA /* DramaListViewControllerSpy.swift */,
				93F79EAF1F2A253600028EBA /* Tests */,
			);
			name = DramaList;
			sourceTree = "<group>";
		};
		93F79EAF1F2A253600028EBA /* Tests */ = {
			isa = PBXGroup;
			children = (
				93F79EA31F29CA2A00028EBA /* DramaListPresenterTests.swift */,
				93F79EAD1F2A252A00028EBA /* DramaListModelTests.swift */,
				93F79EB01F2A255000028EBA /* DramaListTranslatorTests.swift */,
			);
			name = Tests;
			sourceTree = "<group>";
		};
		CNSDIXQDFD72PBOD3ZB5BC02 /* View */ = {
			isa = PBXGroup;
			children = (
				VSE6NQK3NJYCOOG4JKFTHT24 /* DramaListViewController.swift */,
				9303AA021F29905600D05DF2 /* DramaTableViewCell.swift */,
			);
			name = View;
			path = ../View;
			sourceTree = "<group>";
		};
		CZ3ZURBZELZBH8JD0XONT4FA /* DramaList */ = {
			isa = PBXGroup;
			children = (
				HZFNNH6WNHTDLUGD1KY01CR7 /* DramaListBuilder.swift */,
				K2ORFY64GH0JT8V8C7GL6Z1Q /* DramaListWireframe.swift */,
				6EXKI1PGBS8SXA6DBN9Z1G91 /* Domain */,
				FMRNA1R0NV2PSLM17WFBZK0E /* Presentation */,
			);
			name = DramaList;
			path = ..;
			sourceTree = "<group>";
		};
		EIGO9PDUOE0LJMM9MONCZPA1 /* Scenes */ = {
			isa = PBXGroup;
			children = (
				CZ3ZURBZELZBH8JD0XONT4FA /* DramaList */,
			);
			name = Scenes;
			path = Home/Repository;
			sourceTree = "<group>";
		};
		FMRNA1R0NV2PSLM17WFBZK0E /* Presentation */ = {
			isa = PBXGroup;
			children = (
				93F79E9B1F29B5A500028EBA /* DramaListState.swift */,
				XWCIQW0P752KQZEF1CCLEHCC /* DramaListPresenter.swift */,
				CNSDIXQDFD72PBOD3ZB5BC02 /* View */,
			);
			name = Presentation;
			path = Presenter;
			sourceTree = "<group>";
		};
		T8TKKZCLX945C4XSDUZ2RXBS /* Data */ = {
			isa = PBXGroup;
			children = (
				TBXN9R54P4KJ3L9QZHRDLQ6R /* Drama */,
			);
			name = Data;
			path = Home/Entity;
			sourceTree = "<group>";
		};
		TBXN9R54P4KJ3L9QZHRDLQ6R /* Drama */ = {
			isa = PBXGroup;
			children = (
				MBJTN1TTHIIP1FEMGPM8NOU3 /* DramaEntity.swift */,
				GHIIRAUWQO7SA7QIX1911QS1 /* DramaDataStore.swift */,
				78TRJRMYN512Y0VCQ5KWFGBZ /* DramaRepository.swift */,
			);
			name = Drama;
			path = ../DataStore;
			sourceTree = "<group>";
		};
/* End PBXGroup section */

/* Begin PBXNativeTarget section */
		93C331D91F28DD64007FD5C2 /* iOSTestFrameworkComparison */ = {
			isa = PBXNativeTarget;
			buildConfigurationList = 93C332021F28DD64007FD5C2 /* Build configuration list for PBXNativeTarget "iOSTestFrameworkComparison" */;
			buildPhases = (
				93C331D61F28DD64007FD5C2 /* Sources */,
				93C331D71F28DD64007FD5C2 /* Frameworks */,
				93C331D81F28DD64007FD5C2 /* Resources */,
			);
			buildRules = (
			);
			dependencies = (
			);
			name = iOSTestFrameworkComparison;
			productName = iOSTestFrameworkComparison;
			productReference = 93C331DA1F28DD64007FD5C2 /* iOSTestFrameworkComparison.app */;
			productType = "com.apple.product-type.application";
		};
		93C331ED1F28DD64007FD5C2 /* iOSTestFrameworkComparisonTests */ = {
			isa = PBXNativeTarget;
			buildConfigurationList = 93C332051F28DD64007FD5C2 /* Build configuration list for PBXNativeTarget "iOSTestFrameworkComparisonTests" */;
			buildPhases = (
				93C331EA1F28DD64007FD5C2 /* Sources */,
				93C331EB1F28DD64007FD5C2 /* Frameworks */,
				93C331EC1F28DD64007FD5C2 /* Resources */,
			);
			buildRules = (
			);
			dependencies = (
				93C331F01F28DD64007FD5C2 /* PBXTargetDependency */,
			);
			name = iOSTestFrameworkComparisonTests;
			productName = iOSTestFrameworkComparisonTests;
			productReference = 93C331EE1F28DD64007FD5C2 /* iOSTestFrameworkComparisonTests.xctest */;
			productType = "com.apple.product-type.bundle.unit-test";
		};
		93C331F81F28DD64007FD5C2 /* iOSTestFrameworkComparisonUITests */ = {
			isa = PBXNativeTarget;
			buildConfigurationList = 93C332081F28DD64007FD5C2 /* Build configuration list for PBXNativeTarget "iOSTestFrameworkComparisonUITests" */;
			buildPhases = (
				93C331F51F28DD64007FD5C2 /* Sources */,
				93C331F61F28DD64007FD5C2 /* Frameworks */,
				93C331F71F28DD64007FD5C2 /* Resources */,
			);
			buildRules = (
			);
			dependencies = (
				93C331FB1F28DD64007FD5C2 /* PBXTargetDependency */,
			);
			name = iOSTestFrameworkComparisonUITests;
			productName = iOSTestFrameworkComparisonUITests;
			productReference = 93C331F91F28DD64007FD5C2 /* iOSTestFrameworkComparisonUITests.xctest */;
			productType = "com.apple.product-type.bundle.ui-testing";
		};
/* End PBXNativeTarget section */

/* Begin PBXProject section */
		93C331D21F28DD64007FD5C2 /* Project object */ = {
			isa = PBXProject;
			attributes = {
				LastSwiftUpdateCheck = 0830;
				LastUpgradeCheck = 0830;
				ORGANIZATIONNAME = shymst;
				TargetAttributes = {
					93C331D91F28DD64007FD5C2 = {
						CreatedOnToolsVersion = 8.3.2;
						DevelopmentTeam = 5XFK456LHV;
						ProvisioningStyle = Automatic;
					};
					93C331ED1F28DD64007FD5C2 = {
						CreatedOnToolsVersion = 8.3.2;
						DevelopmentTeam = 5XFK456LHV;
						ProvisioningStyle = Automatic;
						TestTargetID = 93C331D91F28DD64007FD5C2;
					};
					93C331F81F28DD64007FD5C2 = {
						CreatedOnToolsVersion = 8.3.2;
						DevelopmentTeam = 5XFK456LHV;
						ProvisioningStyle = Automatic;
						TestTargetID = 93C331D91F28DD64007FD5C2;
					};
				};
			};
			buildConfigurationList = 93C331D51F28DD64007FD5C2 /* Build configuration list for PBXProject "iOSTestFrameworkComparison" */;
			compatibilityVersion = "Xcode 3.2";
			developmentRegion = English;
			hasScannedForEncodings = 0;
			knownRegions = (
				en,
				Base,
			);
			mainGroup = 93C331D11F28DD64007FD5C2;
			productRefGroup = 93C331DB1F28DD64007FD5C2 /* Products */;
			projectDirPath = "";
			projectRoot = "";
			targets = (
				93C331D91F28DD64007FD5C2 /* iOSTestFrameworkComparison */,
				93C331ED1F28DD64007FD5C2 /* iOSTestFrameworkComparisonTests */,
				93C331F81F28DD64007FD5C2 /* iOSTestFrameworkComparisonUITests */,
			);
		};
/* End PBXProject section */

/* Begin PBXResourcesBuildPhase section */
		93C331D81F28DD64007FD5C2 /* Resources */ = {
			isa = PBXResourcesBuildPhase;
			buildActionMask = 2147483647;
			files = (
				93C331E81F28DD64007FD5C2 /* LaunchScreen.storyboard in Resources */,
				93C331E51F28DD64007FD5C2 /* Assets.xcassets in Resources */,
			);
			runOnlyForDeploymentPostprocessing = 0;
		};
		93C331EC1F28DD64007FD5C2 /* Resources */ = {
			isa = PBXResourcesBuildPhase;
			buildActionMask = 2147483647;
			files = (
			);
			runOnlyForDeploymentPostprocessing = 0;
		};
		93C331F71F28DD64007FD5C2 /* Resources */ = {
			isa = PBXResourcesBuildPhase;
			buildActionMask = 2147483647;
			files = (
			);
			runOnlyForDeploymentPostprocessing = 0;
		};
/* End PBXResourcesBuildPhase section */

/* Begin PBXSourcesBuildPhase section */
		93C331D61F28DD64007FD5C2 /* Sources */ = {
			isa = PBXSourcesBuildPhase;
			buildActionMask = 2147483647;
			files = (
				93C331DE1F28DD64007FD5C2 /* AppDelegate.swift in Sources */,
				XOPIORBOHTZMVI8SJRW9BQY9 /* DramaEntity.swift in Sources */,
				IMN0Q2IMFL0IKPD0AS4H4H4S /* DramaDataStore.swift in Sources */,
				9303AA031F29905600D05DF2 /* DramaTableViewCell.swift in Sources */,
				4ECVCWE8U2LZSSHYZR8VDLGN /* DramaRepository.swift in Sources */,
				93F79E9C1F29B5A500028EBA /* DramaListState.swift in Sources */,
				Y56BG1DCD94HGN7KU8QDDV4Z /* DramaListUseCase.swift in Sources */,
				K981YIE0QG7BK2DL1QUHAUG4 /* DramaListTranslator.swift in Sources */,
				BMS83IMB9C47YPRYI0CVDCWF /* DramaListModel.swift in Sources */,
				NNZIE62UK2HCHZNOW4BXYI16 /* DramaListPresenter.swift in Sources */,
				AR2BR88JNOZWAUK6TAM0XJIW /* DramaListViewController.swift in Sources */,
				XAS3MXJUTB73XYNWBEWCJZMK /* DramaListWireframe.swift in Sources */,
				7WKA16J39E8L4AQ8TOBN71U4 /* DramaListBuilder.swift in Sources */,
			);
			runOnlyForDeploymentPostprocessing = 0;
		};
		93C331EA1F28DD64007FD5C2 /* Sources */ = {
			isa = PBXSourcesBuildPhase;
			buildActionMask = 2147483647;
			files = (
				93F79EAC1F29F65100028EBA /* DramaListViewControllerSpy.swift in Sources */,
				93F79EB11F2A255000028EBA /* DramaListTranslatorTests.swift in Sources */,
				93F79EA41F29CA2A00028EBA /* DramaListPresenterTests.swift in Sources */,
				93F79EA81F29E7E000028EBA /* DramaListUseCaseStub.swift in Sources */,
				93F79EAE1F2A252A00028EBA /* DramaListModelTests.swift in Sources */,
				93C331F31F28DD64007FD5C2 /* iOSTestFrameworkComparisonTests.swift in Sources */,
				93F79EA61F29D16000028EBA /* DramaModel.swift in Sources */,
			);
			runOnlyForDeploymentPostprocessing = 0;
		};
		93C331F51F28DD64007FD5C2 /* Sources */ = {
			isa = PBXSourcesBuildPhase;
			buildActionMask = 2147483647;
			files = (
				93C331FE1F28DD64007FD5C2 /* iOSTestFrameworkComparisonUITests.swift in Sources */,
			);
			runOnlyForDeploymentPostprocessing = 0;
		};
/* End PBXSourcesBuildPhase section */

/* Begin PBXTargetDependency section */
		93C331F01F28DD64007FD5C2 /* PBXTargetDependency */ = {
			isa = PBXTargetDependency;
			target = 93C331D91F28DD64007FD5C2 /* iOSTestFrameworkComparison */;
			targetProxy = 93C331EF1F28DD64007FD5C2 /* PBXContainerItemProxy */;
		};
		93C331FB1F28DD64007FD5C2 /* PBXTargetDependency */ = {
			isa = PBXTargetDependency;
			target = 93C331D91F28DD64007FD5C2 /* iOSTestFrameworkComparison */;
			targetProxy = 93C331FA1F28DD64007FD5C2 /* PBXContainerItemProxy */;
		};
/* End PBXTargetDependency section */

/* Begin PBXVariantGroup section */
		93C331E61F28DD64007FD5C2 /* LaunchScreen.storyboard */ = {
			isa = PBXVariantGroup;
			children = (
				93C331E71F28DD64007FD5C2 /* Base */,
			);
			name = LaunchScreen.storyboard;
			sourceTree = "<group>";
		};
/* End PBXVariantGroup section */

/* Begin XCBuildConfiguration section */
		93C332001F28DD64007FD5C2 /* Debug */ = {
			isa = XCBuildConfiguration;
			buildSettings = {
				ALWAYS_SEARCH_USER_PATHS = NO;
				CLANG_ANALYZER_NONNULL = YES;
				CLANG_ANALYZER_NUMBER_OBJECT_CONVERSION = YES_AGGRESSIVE;
				CLANG_CXX_LANGUAGE_STANDARD = "gnu++0x";
				CLANG_CXX_LIBRARY = "libc++";
				CLANG_ENABLE_MODULES = YES;
				CLANG_ENABLE_OBJC_ARC = YES;
				CLANG_WARN_BOOL_CONVERSION = YES;
				CLANG_WARN_CONSTANT_CONVERSION = YES;
				CLANG_WARN_DIRECT_OBJC_ISA_USAGE = YES_ERROR;
				CLANG_WARN_DOCUMENTATION_COMMENTS = YES;
				CLANG_WARN_EMPTY_BODY = YES;
				CLANG_WARN_ENUM_CONVERSION = YES;
				CLANG_WARN_INFINITE_RECURSION = YES;
				CLANG_WARN_INT_CONVERSION = YES;
				CLANG_WARN_OBJC_ROOT_CLASS = YES_ERROR;
				CLANG_WARN_SUSPICIOUS_MOVE = YES;
				CLANG_WARN_UNREACHABLE_CODE = YES;
				CLANG_WARN__DUPLICATE_METHOD_MATCH = YES;
				"CODE_SIGN_IDENTITY[sdk=iphoneos*]" = "iPhone Developer";
				COPY_PHASE_STRIP = NO;
				DEBUG_INFORMATION_FORMAT = dwarf;
				ENABLE_STRICT_OBJC_MSGSEND = YES;
				ENABLE_TESTABILITY = YES;
				GCC_C_LANGUAGE_STANDARD = gnu99;
				GCC_DYNAMIC_NO_PIC = NO;
				GCC_NO_COMMON_BLOCKS = YES;
				GCC_OPTIMIZATION_LEVEL = 0;
				GCC_PREPROCESSOR_DEFINITIONS = (
					"DEBUG=1",
					"$(inherited)",
				);
				GCC_WARN_64_TO_32_BIT_CONVERSION = YES;
				GCC_WARN_ABOUT_RETURN_TYPE = YES_ERROR;
				GCC_WARN_UNDECLARED_SELECTOR = YES;
				GCC_WARN_UNINITIALIZED_AUTOS = YES_AGGRESSIVE;
				GCC_WARN_UNUSED_FUNCTION = YES;
				GCC_WARN_UNUSED_VARIABLE = YES;
				IPHONEOS_DEPLOYMENT_TARGET = 10.3;
				MTL_ENABLE_DEBUG_INFO = YES;
				ONLY_ACTIVE_ARCH = YES;
				SDKROOT = iphoneos;
				SWIFT_ACTIVE_COMPILATION_CONDITIONS = DEBUG;
				SWIFT_OPTIMIZATION_LEVEL = "-Onone";
			};
			name = Debug;
		};
		93C332011F28DD64007FD5C2 /* Release */ = {
			isa = XCBuildConfiguration;
			buildSettings = {
				ALWAYS_SEARCH_USER_PATHS = NO;
				CLANG_ANALYZER_NONNULL = YES;
				CLANG_ANALYZER_NUMBER_OBJECT_CONVERSION = YES_AGGRESSIVE;
				CLANG_CXX_LANGUAGE_STANDARD = "gnu++0x";
				CLANG_CXX_LIBRARY = "libc++";
				CLANG_ENABLE_MODULES = YES;
				CLANG_ENABLE_OBJC_ARC = YES;
				CLANG_WARN_BOOL_CONVERSION = YES;
				CLANG_WARN_CONSTANT_CONVERSION = YES;
				CLANG_WARN_DIRECT_OBJC_ISA_USAGE = YES_ERROR;
				CLANG_WARN_DOCUMENTATION_COMMENTS = YES;
				CLANG_WARN_EMPTY_BODY = YES;
				CLANG_WARN_ENUM_CONVERSION = YES;
				CLANG_WARN_INFINITE_RECURSION = YES;
				CLANG_WARN_INT_CONVERSION = YES;
				CLANG_WARN_OBJC_ROOT_CLASS = YES_ERROR;
				CLANG_WARN_SUSPICIOUS_MOVE = YES;
				CLANG_WARN_UNREACHABLE_CODE = YES;
				CLANG_WARN__DUPLICATE_METHOD_MATCH = YES;
				"CODE_SIGN_IDENTITY[sdk=iphoneos*]" = "iPhone Developer";
				COPY_PHASE_STRIP = NO;
				DEBUG_INFORMATION_FORMAT = "dwarf-with-dsym";
				ENABLE_NS_ASSERTIONS = NO;
				ENABLE_STRICT_OBJC_MSGSEND = YES;
				GCC_C_LANGUAGE_STANDARD = gnu99;
				GCC_NO_COMMON_BLOCKS = YES;
				GCC_WARN_64_TO_32_BIT_CONVERSION = YES;
				GCC_WARN_ABOUT_RETURN_TYPE = YES_ERROR;
				GCC_WARN_UNDECLARED_SELECTOR = YES;
				GCC_WARN_UNINITIALIZED_AUTOS = YES_AGGRESSIVE;
				GCC_WARN_UNUSED_FUNCTION = YES;
				GCC_WARN_UNUSED_VARIABLE = YES;
				IPHONEOS_DEPLOYMENT_TARGET = 10.3;
				MTL_ENABLE_DEBUG_INFO = NO;
				SDKROOT = iphoneos;
				SWIFT_OPTIMIZATION_LEVEL = "-Owholemodule";
				VALIDATE_PRODUCT = YES;
			};
			name = Release;
		};
		93C332031F28DD64007FD5C2 /* Debug */ = {
			isa = XCBuildConfiguration;
			buildSettings = {
				ASSETCATALOG_COMPILER_APPICON_NAME = AppIcon;
				DEVELOPMENT_TEAM = 5XFK456LHV;
				INFOPLIST_FILE = iOSTestFrameworkComparison/Info.plist;
				LD_RUNPATH_SEARCH_PATHS = "$(inherited) @executable_path/Frameworks";
				PRODUCT_BUNDLE_IDENTIFIER = com.shymst.iOSTestFrameworkComparison;
				PRODUCT_NAME = "$(TARGET_NAME)";
				SWIFT_VERSION = 3.0;
			};
			name = Debug;
		};
		93C332041F28DD64007FD5C2 /* Release */ = {
			isa = XCBuildConfiguration;
			buildSettings = {
				ASSETCATALOG_COMPILER_APPICON_NAME = AppIcon;
				DEVELOPMENT_TEAM = 5XFK456LHV;
				INFOPLIST_FILE = iOSTestFrameworkComparison/Info.plist;
				LD_RUNPATH_SEARCH_PATHS = "$(inherited) @executable_path/Frameworks";
				PRODUCT_BUNDLE_IDENTIFIER = com.shymst.iOSTestFrameworkComparison;
				PRODUCT_NAME = "$(TARGET_NAME)";
				SWIFT_VERSION = 3.0;
			};
			name = Release;
		};
		93C332061F28DD64007FD5C2 /* Debug */ = {
			isa = XCBuildConfiguration;
			buildSettings = {
				ALWAYS_EMBED_SWIFT_STANDARD_LIBRARIES = YES;
				BUNDLE_LOADER = "$(TEST_HOST)";
				DEVELOPMENT_TEAM = 5XFK456LHV;
				INFOPLIST_FILE = iOSTestFrameworkComparisonTests/Info.plist;
				LD_RUNPATH_SEARCH_PATHS = "$(inherited) @executable_path/Frameworks @loader_path/Frameworks";
				PRODUCT_BUNDLE_IDENTIFIER = com.shymst.iOSTestFrameworkComparisonTests;
				PRODUCT_NAME = "$(TARGET_NAME)";
				SWIFT_VERSION = 3.0;
				TEST_HOST = "$(BUILT_PRODUCTS_DIR)/iOSTestFrameworkComparison.app/iOSTestFrameworkComparison";
			};
			name = Debug;
		};
		93C332071F28DD64007FD5C2 /* Release */ = {
			isa = XCBuildConfiguration;
			buildSettings = {
				ALWAYS_EMBED_SWIFT_STANDARD_LIBRARIES = YES;
				BUNDLE_LOADER = "$(TEST_HOST)";
				DEVELOPMENT_TEAM = 5XFK456LHV;
				INFOPLIST_FILE = iOSTestFrameworkComparisonTests/Info.plist;
				LD_RUNPATH_SEARCH_PATHS = "$(inherited) @executable_path/Frameworks @loader_path/Frameworks";
				PRODUCT_BUNDLE_IDENTIFIER = com.shymst.iOSTestFrameworkComparisonTests;
				PRODUCT_NAME = "$(TARGET_NAME)";
				SWIFT_VERSION = 3.0;
				TEST_HOST = "$(BUILT_PRODUCTS_DIR)/iOSTestFrameworkComparison.app/iOSTestFrameworkComparison";
			};
			name = Release;
		};
		93C332091F28DD64007FD5C2 /* Debug */ = {
			isa = XCBuildConfiguration;
			buildSettings = {
				ALWAYS_EMBED_SWIFT_STANDARD_LIBRARIES = YES;
				DEVELOPMENT_TEAM = 5XFK456LHV;
				INFOPLIST_FILE = iOSTestFrameworkComparisonUITests/Info.plist;
				LD_RUNPATH_SEARCH_PATHS = "$(inherited) @executable_path/Frameworks @loader_path/Frameworks";
				PRODUCT_BUNDLE_IDENTIFIER = com.shymst.iOSTestFrameworkComparisonUITests;
				PRODUCT_NAME = "$(TARGET_NAME)";
				SWIFT_VERSION = 3.0;
				TEST_TARGET_NAME = iOSTestFrameworkComparison;
			};
			name = Debug;
		};
		93C3320A1F28DD64007FD5C2 /* Release */ = {
			isa = XCBuildConfiguration;
			buildSettings = {
				ALWAYS_EMBED_SWIFT_STANDARD_LIBRARIES = YES;
				DEVELOPMENT_TEAM = 5XFK456LHV;
				INFOPLIST_FILE = iOSTestFrameworkComparisonUITests/Info.plist;
				LD_RUNPATH_SEARCH_PATHS = "$(inherited) @executable_path/Frameworks @loader_path/Frameworks";
				PRODUCT_BUNDLE_IDENTIFIER = com.shymst.iOSTestFrameworkComparisonUITests;
				PRODUCT_NAME = "$(TARGET_NAME)";
				SWIFT_VERSION = 3.0;
				TEST_TARGET_NAME = iOSTestFrameworkComparison;
			};
			name = Release;
		};
/* End XCBuildConfiguration section */

/* Begin XCConfigurationList section */
		93C331D51F28DD64007FD5C2 /* Build configuration list for PBXProject "iOSTestFrameworkComparison" */ = {
			isa = XCConfigurationList;
			buildConfigurations = (
				93C332001F28DD64007FD5C2 /* Debug */,
				93C332011F28DD64007FD5C2 /* Release */,
			);
			defaultConfigurationIsVisible = 0;
			defaultConfigurationName = Release;
		};
		93C332021F28DD64007FD5C2 /* Build configuration list for PBXNativeTarget "iOSTestFrameworkComparison" */ = {
			isa = XCConfigurationList;
			buildConfigurations = (
				93C332031F28DD64007FD5C2 /* Debug */,
				93C332041F28DD64007FD5C2 /* Release */,
			);
			defaultConfigurationIsVisible = 0;
			defaultConfigurationName = Release;
		};
		93C332051F28DD64007FD5C2 /* Build configuration list for PBXNativeTarget "iOSTestFrameworkComparisonTests" */ = {
			isa = XCConfigurationList;
			buildConfigurations = (
				93C332061F28DD64007FD5C2 /* Debug */,
				93C332071F28DD64007FD5C2 /* Release */,
			);
			defaultConfigurationIsVisible = 0;
			defaultConfigurationName = Release;
		};
		93C332081F28DD64007FD5C2 /* Build configuration list for PBXNativeTarget "iOSTestFrameworkComparisonUITests" */ = {
			isa = XCConfigurationList;
			buildConfigurations = (
				93C332091F28DD64007FD5C2 /* Debug */,
				93C3320A1F28DD64007FD5C2 /* Release */,
			);
			defaultConfigurationIsVisible = 0;
			defaultConfigurationName = Release;
		};
/* End XCConfigurationList section */
	};
	rootObject = 93C331D21F28DD64007FD5C2 /* Project object */;
}
